
Microsoft Visual Studio Solution File, Format Version 12.00
# Visual Studio Version 16
VisualStudioVersion = 16.0.32630.194
MinimumVisualStudioVersion = 10.0.40219.1
Project("{FAE04EC0-301F-11D3-BF4B-00C04F79EFBC}") = "new_atm_app", "new_atm_app\new_atm_app.csproj", "{DF026E90-1AFE-4E55-84A6-686AC7E47290}"
EndProject
Global
	GlobalSection(SolutionConfigurationPlatforms) = preSolution
		Debug|Any CPU = Debug|Any CPU
		Release|Any CPU = Release|Any CPU
	EndGlobalSection
	GlobalSection(ProjectConfigurationPlatforms) = postSolution
		{DF026E90-1AFE-4E55-84A6-686AC7E47290}.Debug|Any CPU.ActiveCfg = Debug|Any CPU
		{DF026E90-1AFE-4E55-84A6-686AC7E47290}.Debug|Any CPU.Build.0 = Debug|Any CPU
		{DF026E90-1AFE-4E55-84A6-686AC7E47290}.Release|Any CPU.ActiveCfg = Release|Any CPU
		{DF026E90-1AFE-4E55-84A6-686AC7E47290}.Release|Any CPU.Build.0 = Release|Any CPU
	EndGlobalSection
	GlobalSection(SolutionProperties) = preSolution
		HideSolutionNode = FALSE
	EndGlobalSection
	GlobalSection(ExtensibilityGlobals) = postSolution
		SolutionGuid = {C3133F57-DEA6-4D88-A92A-621DE08B99F8}
	EndGlobalSection
EndGlobal
