
Microsoft Visual Studio Solution File, Format Version 12.00
# Visual Studio Version 16
VisualStudioVersion = 16.0.32630.194
MinimumVisualStudioVersion = 10.0.40219.1
Project("{FAE04EC0-301F-11D3-BF4B-00C04F79EFBC}") = "dotnet day 1", "dotnet day 1\dotnet day 1.csproj", "{7779E74B-B7F6-41F5-AC77-1A7C66C2E628}"
EndProject
Global
	GlobalSection(SolutionConfigurationPlatforms) = preSolution
		Debug|Any CPU = Debug|Any CPU
		Release|Any CPU = Release|Any CPU
	EndGlobalSection
	GlobalSection(ProjectConfigurationPlatforms) = postSolution
		{7779E74B-B7F6-41F5-AC77-1A7C66C2E628}.Debug|Any CPU.ActiveCfg = Debug|Any CPU
		{7779E74B-B7F6-41F5-AC77-1A7C66C2E628}.Debug|Any CPU.Build.0 = Debug|Any CPU
		{7779E74B-B7F6-41F5-AC77-1A7C66C2E628}.Release|Any CPU.ActiveCfg = Release|Any CPU
		{7779E74B-B7F6-41F5-AC77-1A7C66C2E628}.Release|Any CPU.Build.0 = Release|Any CPU
	EndGlobalSection
	GlobalSection(SolutionProperties) = preSolution
		HideSolutionNode = FALSE
	EndGlobalSection
	GlobalSection(ExtensibilityGlobals) = postSolution
		SolutionGuid = {AB8169CD-1850-4AC7-93ED-E631DABF0551}
	EndGlobalSection
EndGlobal
