
Microsoft Visual Studio Solution File, Format Version 12.00
# Visual Studio Version 16
VisualStudioVersion = 16.0.32630.194
MinimumVisualStudioVersion = 10.0.40219.1
Project("{FAE04EC0-301F-11D3-BF4B-00C04F79EFBC}") = "CrudAngular2", "CrudAngular2\CrudAngular2.csproj", "{CE4DC156-6B4C-4984-89B1-A9E494C14E7E}"
EndProject
Global
	GlobalSection(SolutionConfigurationPlatforms) = preSolution
		Debug|Any CPU = Debug|Any CPU
		Release|Any CPU = Release|Any CPU
	EndGlobalSection
	GlobalSection(ProjectConfigurationPlatforms) = postSolution
		{CE4DC156-6B4C-4984-89B1-A9E494C14E7E}.Debug|Any CPU.ActiveCfg = Debug|Any CPU
		{CE4DC156-6B4C-4984-89B1-A9E494C14E7E}.Debug|Any CPU.Build.0 = Debug|Any CPU
		{CE4DC156-6B4C-4984-89B1-A9E494C14E7E}.Release|Any CPU.ActiveCfg = Release|Any CPU
		{CE4DC156-6B4C-4984-89B1-A9E494C14E7E}.Release|Any CPU.Build.0 = Release|Any CPU
	EndGlobalSection
	GlobalSection(SolutionProperties) = preSolution
		HideSolutionNode = FALSE
	EndGlobalSection
	GlobalSection(ExtensibilityGlobals) = postSolution
		SolutionGuid = {91C7E7E4-6B1C-4038-8E85-02F8731EBC2E}
	EndGlobalSection
EndGlobal
