
Microsoft Visual Studio Solution File, Format Version 12.00
# Visual Studio Version 16
VisualStudioVersion = 16.0.32630.194
MinimumVisualStudioVersion = 10.0.40219.1
Project("{FAE04EC0-301F-11D3-BF4B-00C04F79EFBC}") = "DB Connect", "DB Connect\DB Connect.csproj", "{44D2E535-2018-40DB-AA66-45DB506C5A68}"
EndProject
Global
	GlobalSection(SolutionConfigurationPlatforms) = preSolution
		Debug|Any CPU = Debug|Any CPU
		Release|Any CPU = Release|Any CPU
	EndGlobalSection
	GlobalSection(ProjectConfigurationPlatforms) = postSolution
		{44D2E535-2018-40DB-AA66-45DB506C5A68}.Debug|Any CPU.ActiveCfg = Debug|Any CPU
		{44D2E535-2018-40DB-AA66-45DB506C5A68}.Debug|Any CPU.Build.0 = Debug|Any CPU
		{44D2E535-2018-40DB-AA66-45DB506C5A68}.Release|Any CPU.ActiveCfg = Release|Any CPU
		{44D2E535-2018-40DB-AA66-45DB506C5A68}.Release|Any CPU.Build.0 = Release|Any CPU
	EndGlobalSection
	GlobalSection(SolutionProperties) = preSolution
		HideSolutionNode = FALSE
	EndGlobalSection
	GlobalSection(ExtensibilityGlobals) = postSolution
		SolutionGuid = {EF5AD0F7-A596-4C78-9A02-F2EBE29B4D55}
	EndGlobalSection
EndGlobal
