
Microsoft Visual Studio Solution File, Format Version 12.00
# Visual Studio Version 16
VisualStudioVersion = 16.0.32630.194
MinimumVisualStudioVersion = 10.0.40219.1
Project("{FAE04EC0-301F-11D3-BF4B-00C04F79EFBC}") = "MyCalculator", "MyCalculator\MyCalculator.csproj", "{99C6D89C-A3F5-48FB-9CF1-0981AAB6BC81}"
EndProject
Global
	GlobalSection(SolutionConfigurationPlatforms) = preSolution
		Debug|Any CPU = Debug|Any CPU
		Release|Any CPU = Release|Any CPU
	EndGlobalSection
	GlobalSection(ProjectConfigurationPlatforms) = postSolution
		{99C6D89C-A3F5-48FB-9CF1-0981AAB6BC81}.Debug|Any CPU.ActiveCfg = Debug|Any CPU
		{99C6D89C-A3F5-48FB-9CF1-0981AAB6BC81}.Debug|Any CPU.Build.0 = Debug|Any CPU
		{99C6D89C-A3F5-48FB-9CF1-0981AAB6BC81}.Release|Any CPU.ActiveCfg = Release|Any CPU
		{99C6D89C-A3F5-48FB-9CF1-0981AAB6BC81}.Release|Any CPU.Build.0 = Release|Any CPU
	EndGlobalSection
	GlobalSection(SolutionProperties) = preSolution
		HideSolutionNode = FALSE
	EndGlobalSection
	GlobalSection(ExtensibilityGlobals) = postSolution
		SolutionGuid = {993ACAE3-FFEA-4C8A-92C5-8B53F984DA5C}
	EndGlobalSection
EndGlobal
