
Microsoft Visual Studio Solution File, Format Version 12.00
# Visual Studio Version 16
VisualStudioVersion = 16.0.32630.194
MinimumVisualStudioVersion = 10.0.40219.1
Project("{FAE04EC0-301F-11D3-BF4B-00C04F79EFBC}") = "Case Study - 29 Aug'22", "Case Study - 29 Aug'22\Case Study - 29 Aug'22.csproj", "{FDA2757F-8008-484F-9446-833DF0DABF54}"
EndProject
Global
	GlobalSection(SolutionConfigurationPlatforms) = preSolution
		Debug|Any CPU = Debug|Any CPU
		Release|Any CPU = Release|Any CPU
	EndGlobalSection
	GlobalSection(ProjectConfigurationPlatforms) = postSolution
		{FDA2757F-8008-484F-9446-833DF0DABF54}.Debug|Any CPU.ActiveCfg = Debug|Any CPU
		{FDA2757F-8008-484F-9446-833DF0DABF54}.Debug|Any CPU.Build.0 = Debug|Any CPU
		{FDA2757F-8008-484F-9446-833DF0DABF54}.Release|Any CPU.ActiveCfg = Release|Any CPU
		{FDA2757F-8008-484F-9446-833DF0DABF54}.Release|Any CPU.Build.0 = Release|Any CPU
	EndGlobalSection
	GlobalSection(SolutionProperties) = preSolution
		HideSolutionNode = FALSE
	EndGlobalSection
	GlobalSection(ExtensibilityGlobals) = postSolution
		SolutionGuid = {1E4A05BC-E233-40E4-BA47-9AD2A02F4918}
	EndGlobalSection
EndGlobal
